
Microsoft Visual Studio Solution File, Format Version 12.00
# Visual Studio Version 17
VisualStudioVersion = 17.14.36616.10
MinimumVisualStudioVersion = 10.0.40219.1
Project("{FAE04EC0-301F-11D3-BF4B-00C04F79EFBC}") = "FileServer", "src\FileServer\FileServer.csproj", "{4B95CCD6-FC68-ED65-2650-73B2C670E3F2}"
EndProject
Project("{FAE04EC0-301F-11D3-BF4B-00C04F79EFBC}") = "FileServer.UnitTests", "tests\FileServer.UnitTests\FileServer.UnitTests.csproj", "{62A58EC4-B85D-BDC4-155F-EE236BDCC9C0}"
EndProject
Global
	GlobalSection(SolutionConfigurationPlatforms) = preSolution
		Debug|Any CPU = Debug|Any CPU
		Release|Any CPU = Release|Any CPU
	EndGlobalSection
	GlobalSection(ProjectConfigurationPlatforms) = postSolution
		{4B95CCD6-FC68-ED65-2650-73B2C670E3F2}.Debug|Any CPU.ActiveCfg = Debug|Any CPU
		{4B95CCD6-FC68-ED65-2650-73B2C670E3F2}.Debug|Any CPU.Build.0 = Debug|Any CPU
		{4B95CCD6-FC68-ED65-2650-73B2C670E3F2}.Release|Any CPU.ActiveCfg = Release|Any CPU
		{4B95CCD6-FC68-ED65-2650-73B2C670E3F2}.Release|Any CPU.Build.0 = Release|Any CPU
		{62A58EC4-B85D-BDC4-155F-EE236BDCC9C0}.Debug|Any CPU.ActiveCfg = Debug|Any CPU
		{62A58EC4-B85D-BDC4-155F-EE236BDCC9C0}.Debug|Any CPU.Build.0 = Debug|Any CPU
		{62A58EC4-B85D-BDC4-155F-EE236BDCC9C0}.Release|Any CPU.ActiveCfg = Release|Any CPU
		{62A58EC4-B85D-BDC4-155F-EE236BDCC9C0}.Release|Any CPU.Build.0 = Release|Any CPU
	EndGlobalSection
	GlobalSection(SolutionProperties) = preSolution
		HideSolutionNode = FALSE
	EndGlobalSection
	GlobalSection(ExtensibilityGlobals) = postSolution
		SolutionGuid = {5ED5E583-5852-437F-A222-2816E722F4D5}
	EndGlobalSection
EndGlobal
