
Microsoft Visual Studio Solution File, Format Version 12.00
# Visual Studio Version 17
VisualStudioVersion = 17.14.36616.10
MinimumVisualStudioVersion = 10.0.40219.1
Project("{FAE04EC0-301F-11D3-BF4B-00C04F79EFBC}") = "FileServer", "FileServer\FileServer.csproj", "{3CA7CBA1-12E4-406C-9A33-AF8DF2C8EE17}"
EndProject
Project("{FAE04EC0-301F-11D3-BF4B-00C04F79EFBC}") = "FileServer.UnitTests", "FileServer.UnitTests\FileServer.UnitTests.csproj", "{0016D3B5-B005-4200-80C5-D18576F91F6F}"
EndProject
Global
	GlobalSection(SolutionConfigurationPlatforms) = preSolution
		Debug|Any CPU = Debug|Any CPU
		Release|Any CPU = Release|Any CPU
	EndGlobalSection
	GlobalSection(ProjectConfigurationPlatforms) = postSolution
		{3CA7CBA1-12E4-406C-9A33-AF8DF2C8EE17}.Debug|Any CPU.ActiveCfg = Debug|Any CPU
		{3CA7CBA1-12E4-406C-9A33-AF8DF2C8EE17}.Debug|Any CPU.Build.0 = Debug|Any CPU
		{3CA7CBA1-12E4-406C-9A33-AF8DF2C8EE17}.Release|Any CPU.ActiveCfg = Release|Any CPU
		{3CA7CBA1-12E4-406C-9A33-AF8DF2C8EE17}.Release|Any CPU.Build.0 = Release|Any CPU
		{0016D3B5-B005-4200-80C5-D18576F91F6F}.Debug|Any CPU.ActiveCfg = Debug|Any CPU
		{0016D3B5-B005-4200-80C5-D18576F91F6F}.Debug|Any CPU.Build.0 = Debug|Any CPU
		{0016D3B5-B005-4200-80C5-D18576F91F6F}.Release|Any CPU.ActiveCfg = Release|Any CPU
		{0016D3B5-B005-4200-80C5-D18576F91F6F}.Release|Any CPU.Build.0 = Release|Any CPU
	EndGlobalSection
	GlobalSection(SolutionProperties) = preSolution
		HideSolutionNode = FALSE
	EndGlobalSection
	GlobalSection(ExtensibilityGlobals) = postSolution
		SolutionGuid = {5ED5E583-5852-437F-A222-2816E722F4D5}
	EndGlobalSection
EndGlobal
